
Microsoft Visual Studio Solution File, Format Version 12.00
# Visual Studio 15
VisualStudioVersion = 15.0.25807.0
MinimumVisualStudioVersion = 10.0.40219.1
Project("{2150E333-8FDC-42A3-9474-1A3956D46DE8}") = "Engine", "Engine", "{AD94A68B-4B0E-484A-870D-D259A978B9FB}"
EndProject
Project("{2150E333-8FDC-42A3-9474-1A3956D46DE8}") = "Games", "Games", "{181FA27A-BDA7-4A05-BDBA-F6533FBA8D77}"
EndProject
Project("{2150E333-8FDC-42A3-9474-1A3956D46DE8}") = "Programs", "Programs", "{EE6809DE-563E-4AD9-A932-18628694EF3E}"
EndProject
Project("{2150E333-8FDC-42A3-9474-1A3956D46DE8}") = "Automation", "Automation", "{AE5C5137-A688-4495-8DEA-C7B9959E49B0}"
EndProject
Project("{8BC9CEB8-8B4A-11D0-8D11-00A0C91BC942}") = "UE4", "Intermediate\ProjectFilesWin64\UE4.vcxproj", "{FA03FD55-0CA5-4AEA-8EE6-EC6D24ECF1F9}"
EndProject
Project("{8BC9CEB8-8B4A-11D0-8D11-00A0C91BC942}") = "UnrealHeaderTool", "Intermediate\ProjectFilesWin64\UnrealHeaderTool.vcxproj", "{ED6162ED-7761-4700-ABD8-71146FAA3F18}"
	ProjectSection(ProjectDependencies) = postProject
		{FD7C5E1A-CFE4-4FD5-A525-1EB1599A39AC} = {FD7C5E1A-CFE4-4FD5-A525-1EB1599A39AC}
	EndProjectSection
EndProject
Project("{8BC9CEB8-8B4A-11D0-8D11-00A0C91BC942}") = "HeliumRain", "Intermediate\ProjectFilesWin64\HeliumRain.vcxproj", "{9E1BC1B4-6C9B-415F-B456-71D5881A5213}"
	ProjectSection(ProjectDependencies) = postProject
		{FD7C5E1A-CFE4-4FD5-A525-1EB1599A39AC} = {FD7C5E1A-CFE4-4FD5-A525-1EB1599A39AC}
	EndProjectSection
EndProject
Project("{FAE04EC0-301F-11D3-BF4B-00C04F79EFBC}") = "UnrealBuildTool", "..\..\..\..\Games\HeliumRainModKit\UE_4.20\Engine\Source\Programs\UnrealBuildTool\UnrealBuildTool.csproj", "{FD7C5E1A-CFE4-4FD5-A525-1EB1599A39AC}"
EndProject
Project("{FAE04EC0-301F-11D3-BF4B-00C04F79EFBC}") = "AutomationTool", "..\..\..\..\Games\HeliumRainModKit\UE_4.20\Engine\Source\Programs\AutomationTool\AutomationTool.csproj", "{A35B0261-D868-475E-A098-EB14CE6DC89F}"
EndProject
Project("{FAE04EC0-301F-11D3-BF4B-00C04F79EFBC}") = "AllDesktop.Automation", "..\..\..\..\Games\HeliumRainModKit\UE_4.20\Engine\Source\Programs\AutomationTool\AllDesktop\AllDesktop.Automation.csproj", "{A9CD1A06-764A-4C53-86CE-2F34B94F0283}"
EndProject
Project("{FAE04EC0-301F-11D3-BF4B-00C04F79EFBC}") = "Android.Automation", "..\..\..\..\Games\HeliumRainModKit\UE_4.20\Engine\Source\Programs\AutomationTool\Android\Android.Automation.csproj", "{32E3A47E-359A-4F78-AE6C-703B87DE0B97}"
EndProject
Project("{FAE04EC0-301F-11D3-BF4B-00C04F79EFBC}") = "AutomationUtils.Automation", "..\..\..\..\Games\HeliumRainModKit\UE_4.20\Engine\Source\Programs\AutomationTool\AutomationUtils\AutomationUtils.Automation.csproj", "{2C96A7F2-B1A3-4258-8E0A-E588FF41A53E}"
EndProject
Project("{FAE04EC0-301F-11D3-BF4B-00C04F79EFBC}") = "BuildGraph.Automation", "..\..\..\..\Games\HeliumRainModKit\UE_4.20\Engine\Source\Programs\AutomationTool\BuildGraph\BuildGraph.Automation.csproj", "{A002361E-37F9-4124-AF82-CF0D393CB928}"
EndProject
Project("{FAE04EC0-301F-11D3-BF4B-00C04F79EFBC}") = "HTML5.Automation", "..\..\..\..\Games\HeliumRainModKit\UE_4.20\Engine\Source\Programs\AutomationTool\HTML5\HTML5.Automation.csproj", "{90FF4220-1CAE-4CCA-BBF6-7AAAED069F03}"
EndProject
Project("{FAE04EC0-301F-11D3-BF4B-00C04F79EFBC}") = "IOS.Automation", "..\..\..\..\Games\HeliumRainModKit\UE_4.20\Engine\Source\Programs\AutomationTool\IOS\IOS.Automation.csproj", "{E1F1261F-DA95-41BD-80C1-60FBE0D37D22}"
EndProject
Project("{FAE04EC0-301F-11D3-BF4B-00C04F79EFBC}") = "Linux.Automation", "..\..\..\..\Games\HeliumRainModKit\UE_4.20\Engine\Source\Programs\AutomationTool\Linux\Linux.Automation.csproj", "{EC395254-405B-4030-92CE-E346CC50848D}"
EndProject
Project("{FAE04EC0-301F-11D3-BF4B-00C04F79EFBC}") = "Localization.Automation", "..\..\..\..\Games\HeliumRainModKit\UE_4.20\Engine\Source\Programs\AutomationTool\Localization\Localization.Automation.csproj", "{C2F959B1-1727-4598-9C32-3D9ACCE72750}"
EndProject
Project("{FAE04EC0-301F-11D3-BF4B-00C04F79EFBC}") = "Lumin.Automation", "..\..\..\..\Games\HeliumRainModKit\UE_4.20\Engine\Source\Programs\AutomationTool\Lumin\Lumin.Automation.csproj", "{17779110-5CAB-43A0-9DFB-4DF67DF29B42}"
EndProject
Project("{FAE04EC0-301F-11D3-BF4B-00C04F79EFBC}") = "Mac.Automation", "..\..\..\..\Games\HeliumRainModKit\UE_4.20\Engine\Source\Programs\AutomationTool\Mac\Mac.Automation.csproj", "{16778681-DAB8-46A4-89F6-927796467995}"
EndProject
Project("{FAE04EC0-301F-11D3-BF4B-00C04F79EFBC}") = "OneSkyLocalization.Automation", "..\..\..\..\Games\HeliumRainModKit\UE_4.20\Engine\Source\Programs\AutomationTool\OneSkyLocalization\OneSkyLocalization.Automation.csproj", "{39369368-5603-46DA-BAAE-766BB3CB2B51}"
EndProject
Project("{FAE04EC0-301F-11D3-BF4B-00C04F79EFBC}") = "AutomationScripts.Automation", "..\..\..\..\Games\HeliumRainModKit\UE_4.20\Engine\Source\Programs\AutomationTool\Scripts\AutomationScripts.Automation.csproj", "{8AA00D65-0954-4A27-AC0D-FB8B1106120F}"
EndProject
Project("{FAE04EC0-301F-11D3-BF4B-00C04F79EFBC}") = "TVOS.Automation", "..\..\..\..\Games\HeliumRainModKit\UE_4.20\Engine\Source\Programs\AutomationTool\TVOS\TVOS.Automation.csproj", "{E1F1261F-DA95-41BD-81C1-61FBE1D37D22}"
EndProject
Project("{FAE04EC0-301F-11D3-BF4B-00C04F79EFBC}") = "Win.Automation", "..\..\..\..\Games\HeliumRainModKit\UE_4.20\Engine\Source\Programs\AutomationTool\Win\Win.Automation.csproj", "{6F6F8E5B-53CA-4C9F-A696-96AA9B8FB128}"
EndProject
Project("{FAE04EC0-301F-11D3-BF4B-00C04F79EFBC}") = "XLocLocalization.Automation", "..\..\..\..\Games\HeliumRainModKit\UE_4.20\Engine\Source\Programs\AutomationTool\XLocLocalization\XLocLocalization.Automation.csproj", "{7E2D6784-C9B7-40C6-A89B-0A8AFDDCE60D}"
EndProject
Project("{FAE04EC0-301F-11D3-BF4B-00C04F79EFBC}") = "AutomationToolLauncher", "..\..\..\..\Games\HeliumRainModKit\UE_4.20\Engine\Source\Programs\AutomationToolLauncher\AutomationToolLauncher.csproj", "{1D67A316-7EEC-4C07-83E3-BBD9C67AD129}"
EndProject
Project("{FAE04EC0-301F-11D3-BF4B-00C04F79EFBC}") = "DotNETUtilities", "..\..\..\..\Games\HeliumRainModKit\UE_4.20\Engine\Source\Programs\DotNETCommon\DotNETUtilities\DotNETUtilities.csproj", "{5D7D66E8-8C76-4AF9-B3EC-2EF03421D730}"
EndProject
Global
	GlobalSection(SolutionConfigurationPlatforms) = preSolution
		DebugGame Editor|Win32 = DebugGame Editor|Win32
		DebugGame Editor|Win64 = DebugGame Editor|Win64
		DebugGame|Win32 = DebugGame|Win32
		DebugGame|Win64 = DebugGame|Win64
		Development Editor|Win32 = Development Editor|Win32
		Development Editor|Win64 = Development Editor|Win64
		Development|Win32 = Development|Win32
		Development|Win64 = Development|Win64
		Shipping|Win32 = Shipping|Win32
		Shipping|Win64 = Shipping|Win64
	EndGlobalSection
	GlobalSection(ProjectConfigurationPlatforms) = postSolution
		{ED6162ED-7761-4700-ABD8-71146FAA3F18}.DebugGame Editor|Win32.ActiveCfg = Development_Program|x64
		{ED6162ED-7761-4700-ABD8-71146FAA3F18}.DebugGame Editor|Win64.ActiveCfg = Development_Program|x64
		{ED6162ED-7761-4700-ABD8-71146FAA3F18}.DebugGame|Win32.ActiveCfg = Development_Program|x64
		{ED6162ED-7761-4700-ABD8-71146FAA3F18}.DebugGame|Win64.ActiveCfg = Development_Program|x64
		{ED6162ED-7761-4700-ABD8-71146FAA3F18}.Development Editor|Win32.ActiveCfg = Development_Program|Win32
		{ED6162ED-7761-4700-ABD8-71146FAA3F18}.Development Editor|Win32.Build.0 = Development_Program|Win32
		{ED6162ED-7761-4700-ABD8-71146FAA3F18}.Development Editor|Win64.ActiveCfg = Development_Program|x64
		{ED6162ED-7761-4700-ABD8-71146FAA3F18}.Development Editor|Win64.Build.0 = Development_Program|x64
		{ED6162ED-7761-4700-ABD8-71146FAA3F18}.Development|Win32.ActiveCfg = Development_Program|Win32
		{ED6162ED-7761-4700-ABD8-71146FAA3F18}.Development|Win32.Build.0 = Development_Program|Win32
		{ED6162ED-7761-4700-ABD8-71146FAA3F18}.Development|Win64.ActiveCfg = Development_Program|x64
		{ED6162ED-7761-4700-ABD8-71146FAA3F18}.Development|Win64.Build.0 = Development_Program|x64
		{ED6162ED-7761-4700-ABD8-71146FAA3F18}.Shipping|Win32.ActiveCfg = Development_Program|x64
		{ED6162ED-7761-4700-ABD8-71146FAA3F18}.Shipping|Win64.ActiveCfg = Development_Program|x64
		{9E1BC1B4-6C9B-415F-B456-71D5881A5213}.DebugGame Editor|Win32.ActiveCfg = DebugGame_Editor|Win32
		{9E1BC1B4-6C9B-415F-B456-71D5881A5213}.DebugGame Editor|Win64.ActiveCfg = DebugGame_Editor|x64
		{9E1BC1B4-6C9B-415F-B456-71D5881A5213}.DebugGame Editor|Win64.Build.0 = DebugGame_Editor|x64
		{9E1BC1B4-6C9B-415F-B456-71D5881A5213}.DebugGame|Win32.ActiveCfg = DebugGame_Game|Win32
		{9E1BC1B4-6C9B-415F-B456-71D5881A5213}.DebugGame|Win32.Build.0 = DebugGame_Game|Win32
		{9E1BC1B4-6C9B-415F-B456-71D5881A5213}.DebugGame|Win64.ActiveCfg = DebugGame_Game|x64
		{9E1BC1B4-6C9B-415F-B456-71D5881A5213}.DebugGame|Win64.Build.0 = DebugGame_Game|x64
		{9E1BC1B4-6C9B-415F-B456-71D5881A5213}.Development Editor|Win32.ActiveCfg = Development_Editor|Win32
		{9E1BC1B4-6C9B-415F-B456-71D5881A5213}.Development Editor|Win64.ActiveCfg = Development_Editor|x64
		{9E1BC1B4-6C9B-415F-B456-71D5881A5213}.Development Editor|Win64.Build.0 = Development_Editor|x64
		{9E1BC1B4-6C9B-415F-B456-71D5881A5213}.Development|Win32.ActiveCfg = Development_Game|Win32
		{9E1BC1B4-6C9B-415F-B456-71D5881A5213}.Development|Win32.Build.0 = Development_Game|Win32
		{9E1BC1B4-6C9B-415F-B456-71D5881A5213}.Development|Win64.ActiveCfg = Development_Game|x64
		{9E1BC1B4-6C9B-415F-B456-71D5881A5213}.Development|Win64.Build.0 = Development_Game|x64
		{9E1BC1B4-6C9B-415F-B456-71D5881A5213}.Shipping|Win32.ActiveCfg = Shipping_Game|Win32
		{9E1BC1B4-6C9B-415F-B456-71D5881A5213}.Shipping|Win32.Build.0 = Shipping_Game|Win32
		{9E1BC1B4-6C9B-415F-B456-71D5881A5213}.Shipping|Win64.ActiveCfg = Shipping_Game|x64
		{9E1BC1B4-6C9B-415F-B456-71D5881A5213}.Shipping|Win64.Build.0 = Shipping_Game|x64
		{FD7C5E1A-CFE4-4FD5-A525-1EB1599A39AC}.DebugGame Editor|Win32.ActiveCfg = Development|Any CPU
		{FD7C5E1A-CFE4-4FD5-A525-1EB1599A39AC}.DebugGame Editor|Win32.Build.0 = Development|Any CPU
		{FD7C5E1A-CFE4-4FD5-A525-1EB1599A39AC}.DebugGame Editor|Win64.ActiveCfg = Development|Any CPU
		{FD7C5E1A-CFE4-4FD5-A525-1EB1599A39AC}.DebugGame Editor|Win64.Build.0 = Development|Any CPU
		{FD7C5E1A-CFE4-4FD5-A525-1EB1599A39AC}.DebugGame|Win32.ActiveCfg = Development|Any CPU
		{FD7C5E1A-CFE4-4FD5-A525-1EB1599A39AC}.DebugGame|Win32.Build.0 = Development|Any CPU
		{FD7C5E1A-CFE4-4FD5-A525-1EB1599A39AC}.DebugGame|Win64.ActiveCfg = Development|Any CPU
		{FD7C5E1A-CFE4-4FD5-A525-1EB1599A39AC}.DebugGame|Win64.Build.0 = Development|Any CPU
		{FD7C5E1A-CFE4-4FD5-A525-1EB1599A39AC}.Development Editor|Win32.ActiveCfg = Development|Any CPU
		{FD7C5E1A-CFE4-4FD5-A525-1EB1599A39AC}.Development Editor|Win32.Build.0 = Development|Any CPU
		{FD7C5E1A-CFE4-4FD5-A525-1EB1599A39AC}.Development Editor|Win64.ActiveCfg = Development|Any CPU
		{FD7C5E1A-CFE4-4FD5-A525-1EB1599A39AC}.Development Editor|Win64.Build.0 = Development|Any CPU
		{FD7C5E1A-CFE4-4FD5-A525-1EB1599A39AC}.Development|Win32.ActiveCfg = Development|Any CPU
		{FD7C5E1A-CFE4-4FD5-A525-1EB1599A39AC}.Development|Win32.Build.0 = Development|Any CPU
		{FD7C5E1A-CFE4-4FD5-A525-1EB1599A39AC}.Development|Win64.ActiveCfg = Development|Any CPU
		{FD7C5E1A-CFE4-4FD5-A525-1EB1599A39AC}.Development|Win64.Build.0 = Development|Any CPU
		{FD7C5E1A-CFE4-4FD5-A525-1EB1599A39AC}.Shipping|Win32.ActiveCfg = Development|Any CPU
		{FD7C5E1A-CFE4-4FD5-A525-1EB1599A39AC}.Shipping|Win32.Build.0 = Development|Any CPU
		{FD7C5E1A-CFE4-4FD5-A525-1EB1599A39AC}.Shipping|Win64.ActiveCfg = Development|Any CPU
		{FD7C5E1A-CFE4-4FD5-A525-1EB1599A39AC}.Shipping|Win64.Build.0 = Development|Any CPU
		{A35B0261-D868-475E-A098-EB14CE6DC89F}.DebugGame Editor|Win32.ActiveCfg = Development|Any CPU
		{A35B0261-D868-475E-A098-EB14CE6DC89F}.DebugGame Editor|Win64.ActiveCfg = Development|Any CPU
		{A35B0261-D868-475E-A098-EB14CE6DC89F}.DebugGame|Win32.ActiveCfg = Development|Any CPU
		{A35B0261-D868-475E-A098-EB14CE6DC89F}.DebugGame|Win64.ActiveCfg = Development|Any CPU
		{A35B0261-D868-475E-A098-EB14CE6DC89F}.Development Editor|Win32.ActiveCfg = Development|Any CPU
		{A35B0261-D868-475E-A098-EB14CE6DC89F}.Development Editor|Win32.Build.0 = Development|Any CPU
		{A35B0261-D868-475E-A098-EB14CE6DC89F}.Development Editor|Win64.ActiveCfg = Development|Any CPU
		{A35B0261-D868-475E-A098-EB14CE6DC89F}.Development Editor|Win64.Build.0 = Development|Any CPU
		{A35B0261-D868-475E-A098-EB14CE6DC89F}.Development|Win32.ActiveCfg = Development|Any CPU
		{A35B0261-D868-475E-A098-EB14CE6DC89F}.Development|Win32.Build.0 = Development|Any CPU
		{A35B0261-D868-475E-A098-EB14CE6DC89F}.Development|Win64.ActiveCfg = Development|Any CPU
		{A35B0261-D868-475E-A098-EB14CE6DC89F}.Development|Win64.Build.0 = Development|Any CPU
		{A35B0261-D868-475E-A098-EB14CE6DC89F}.Shipping|Win32.ActiveCfg = Development|Any CPU
		{A35B0261-D868-475E-A098-EB14CE6DC89F}.Shipping|Win64.ActiveCfg = Development|Any CPU
		{A9CD1A06-764A-4C53-86CE-2F34B94F0283}.DebugGame Editor|Win32.ActiveCfg = Development|Any CPU
		{A9CD1A06-764A-4C53-86CE-2F34B94F0283}.DebugGame Editor|Win64.ActiveCfg = Development|Any CPU
		{A9CD1A06-764A-4C53-86CE-2F34B94F0283}.DebugGame|Win32.ActiveCfg = Development|Any CPU
		{A9CD1A06-764A-4C53-86CE-2F34B94F0283}.DebugGame|Win64.ActiveCfg = Development|Any CPU
		{A9CD1A06-764A-4C53-86CE-2F34B94F0283}.Development Editor|Win32.ActiveCfg = Development|Any CPU
		{A9CD1A06-764A-4C53-86CE-2F34B94F0283}.Development Editor|Win32.Build.0 = Development|Any CPU
		{A9CD1A06-764A-4C53-86CE-2F34B94F0283}.Development Editor|Win64.ActiveCfg = Development|Any CPU
		{A9CD1A06-764A-4C53-86CE-2F34B94F0283}.Development Editor|Win64.Build.0 = Development|Any CPU
		{A9CD1A06-764A-4C53-86CE-2F34B94F0283}.Development|Win32.ActiveCfg = Development|Any CPU
		{A9CD1A06-764A-4C53-86CE-2F34B94F0283}.Development|Win32.Build.0 = Development|Any CPU
		{A9CD1A06-764A-4C53-86CE-2F34B94F0283}.Development|Win64.ActiveCfg = Development|Any CPU
		{A9CD1A06-764A-4C53-86CE-2F34B94F0283}.Development|Win64.Build.0 = Development|Any CPU
		{A9CD1A06-764A-4C53-86CE-2F34B94F0283}.Shipping|Win32.ActiveCfg = Development|Any CPU
		{A9CD1A06-764A-4C53-86CE-2F34B94F0283}.Shipping|Win64.ActiveCfg = Development|Any CPU
		{32E3A47E-359A-4F78-AE6C-703B87DE0B97}.DebugGame Editor|Win32.ActiveCfg = Development|Any CPU
		{32E3A47E-359A-4F78-AE6C-703B87DE0B97}.DebugGame Editor|Win64.ActiveCfg = Development|Any CPU
		{32E3A47E-359A-4F78-AE6C-703B87DE0B97}.DebugGame|Win32.ActiveCfg = Development|Any CPU
		{32E3A47E-359A-4F78-AE6C-703B87DE0B97}.DebugGame|Win64.ActiveCfg = Development|Any CPU
		{32E3A47E-359A-4F78-AE6C-703B87DE0B97}.Development Editor|Win32.ActiveCfg = Development|Any CPU
		{32E3A47E-359A-4F78-AE6C-703B87DE0B97}.Development Editor|Win32.Build.0 = Development|Any CPU
		{32E3A47E-359A-4F78-AE6C-703B87DE0B97}.Development Editor|Win64.ActiveCfg = Development|Any CPU
		{32E3A47E-359A-4F78-AE6C-703B87DE0B97}.Development Editor|Win64.Build.0 = Development|Any CPU
		{32E3A47E-359A-4F78-AE6C-703B87DE0B97}.Development|Win32.ActiveCfg = Development|Any CPU
		{32E3A47E-359A-4F78-AE6C-703B87DE0B97}.Development|Win32.Build.0 = Development|Any CPU
		{32E3A47E-359A-4F78-AE6C-703B87DE0B97}.Development|Win64.ActiveCfg = Development|Any CPU
		{32E3A47E-359A-4F78-AE6C-703B87DE0B97}.Development|Win64.Build.0 = Development|Any CPU
		{32E3A47E-359A-4F78-AE6C-703B87DE0B97}.Shipping|Win32.ActiveCfg = Development|Any CPU
		{32E3A47E-359A-4F78-AE6C-703B87DE0B97}.Shipping|Win64.ActiveCfg = Development|Any CPU
		{2C96A7F2-B1A3-4258-8E0A-E588FF41A53E}.DebugGame Editor|Win32.ActiveCfg = Development|Any CPU
		{2C96A7F2-B1A3-4258-8E0A-E588FF41A53E}.DebugGame Editor|Win64.ActiveCfg = Development|Any CPU
		{2C96A7F2-B1A3-4258-8E0A-E588FF41A53E}.DebugGame|Win32.ActiveCfg = Development|Any CPU
		{2C96A7F2-B1A3-4258-8E0A-E588FF41A53E}.DebugGame|Win64.ActiveCfg = Development|Any CPU
		{2C96A7F2-B1A3-4258-8E0A-E588FF41A53E}.Development Editor|Win32.ActiveCfg = Development|Any CPU
		{2C96A7F2-B1A3-4258-8E0A-E588FF41A53E}.Development Editor|Win32.Build.0 = Development|Any CPU
		{2C96A7F2-B1A3-4258-8E0A-E588FF41A53E}.Development Editor|Win64.ActiveCfg = Development|Any CPU
		{2C96A7F2-B1A3-4258-8E0A-E588FF41A53E}.Development Editor|Win64.Build.0 = Development|Any CPU
		{2C96A7F2-B1A3-4258-8E0A-E588FF41A53E}.Development|Win32.ActiveCfg = Development|Any CPU
		{2C96A7F2-B1A3-4258-8E0A-E588FF41A53E}.Development|Win32.Build.0 = Development|Any CPU
		{2C96A7F2-B1A3-4258-8E0A-E588FF41A53E}.Development|Win64.ActiveCfg = Development|Any CPU
		{2C96A7F2-B1A3-4258-8E0A-E588FF41A53E}.Development|Win64.Build.0 = Development|Any CPU
		{2C96A7F2-B1A3-4258-8E0A-E588FF41A53E}.Shipping|Win32.ActiveCfg = Development|Any CPU
		{2C96A7F2-B1A3-4258-8E0A-E588FF41A53E}.Shipping|Win64.ActiveCfg = Development|Any CPU
		{A002361E-37F9-4124-AF82-CF0D393CB928}.DebugGame Editor|Win32.ActiveCfg = Development|Any CPU
		{A002361E-37F9-4124-AF82-CF0D393CB928}.DebugGame Editor|Win64.ActiveCfg = Development|Any CPU
		{A002361E-37F9-4124-AF82-CF0D393CB928}.DebugGame|Win32.ActiveCfg = Development|Any CPU
		{A002361E-37F9-4124-AF82-CF0D393CB928}.DebugGame|Win64.ActiveCfg = Development|Any CPU
		{A002361E-37F9-4124-AF82-CF0D393CB928}.Development Editor|Win32.ActiveCfg = Development|Any CPU
		{A002361E-37F9-4124-AF82-CF0D393CB928}.Development Editor|Win32.Build.0 = Development|Any CPU
		{A002361E-37F9-4124-AF82-CF0D393CB928}.Development Editor|Win64.ActiveCfg = Development|Any CPU
		{A002361E-37F9-4124-AF82-CF0D393CB928}.Development Editor|Win64.Build.0 = Development|Any CPU
		{A002361E-37F9-4124-AF82-CF0D393CB928}.Development|Win32.ActiveCfg = Development|Any CPU
		{A002361E-37F9-4124-AF82-CF0D393CB928}.Development|Win32.Build.0 = Development|Any CPU
		{A002361E-37F9-4124-AF82-CF0D393CB928}.Development|Win64.ActiveCfg = Development|Any CPU
		{A002361E-37F9-4124-AF82-CF0D393CB928}.Development|Win64.Build.0 = Development|Any CPU
		{A002361E-37F9-4124-AF82-CF0D393CB928}.Shipping|Win32.ActiveCfg = Development|Any CPU
		{A002361E-37F9-4124-AF82-CF0D393CB928}.Shipping|Win64.ActiveCfg = Development|Any CPU
		{90FF4220-1CAE-4CCA-BBF6-7AAAED069F03}.DebugGame Editor|Win32.ActiveCfg = Development|Any CPU
		{90FF4220-1CAE-4CCA-BBF6-7AAAED069F03}.DebugGame Editor|Win64.ActiveCfg = Development|Any CPU
		{90FF4220-1CAE-4CCA-BBF6-7AAAED069F03}.DebugGame|Win32.ActiveCfg = Development|Any CPU
		{90FF4220-1CAE-4CCA-BBF6-7AAAED069F03}.DebugGame|Win64.ActiveCfg = Development|Any CPU
		{90FF4220-1CAE-4CCA-BBF6-7AAAED069F03}.Development Editor|Win32.ActiveCfg = Development|Any CPU
		{90FF4220-1CAE-4CCA-BBF6-7AAAED069F03}.Development Editor|Win32.Build.0 = Development|Any CPU
		{90FF4220-1CAE-4CCA-BBF6-7AAAED069F03}.Development Editor|Win64.ActiveCfg = Development|Any CPU
		{90FF4220-1CAE-4CCA-BBF6-7AAAED069F03}.Development Editor|Win64.Build.0 = Development|Any CPU
		{90FF4220-1CAE-4CCA-BBF6-7AAAED069F03}.Development|Win32.ActiveCfg = Development|Any CPU
		{90FF4220-1CAE-4CCA-BBF6-7AAAED069F03}.Development|Win32.Build.0 = Development|Any CPU
		{90FF4220-1CAE-4CCA-BBF6-7AAAED069F03}.Development|Win64.ActiveCfg = Development|Any CPU
		{90FF4220-1CAE-4CCA-BBF6-7AAAED069F03}.Development|Win64.Build.0 = Development|Any CPU
		{90FF4220-1CAE-4CCA-BBF6-7AAAED069F03}.Shipping|Win32.ActiveCfg = Development|Any CPU
		{90FF4220-1CAE-4CCA-BBF6-7AAAED069F03}.Shipping|Win64.ActiveCfg = Development|Any CPU
		{E1F1261F-DA95-41BD-80C1-60FBE0D37D22}.DebugGame Editor|Win32.ActiveCfg = Development|Any CPU
		{E1F1261F-DA95-41BD-80C1-60FBE0D37D22}.DebugGame Editor|Win64.ActiveCfg = Development|Any CPU
		{E1F1261F-DA95-41BD-80C1-60FBE0D37D22}.DebugGame|Win32.ActiveCfg = Development|Any CPU
		{E1F1261F-DA95-41BD-80C1-60FBE0D37D22}.DebugGame|Win64.ActiveCfg = Development|Any CPU
		{E1F1261F-DA95-41BD-80C1-60FBE0D37D22}.Development Editor|Win32.ActiveCfg = Development|Any CPU
		{E1F1261F-DA95-41BD-80C1-60FBE0D37D22}.Development Editor|Win32.Build.0 = Development|Any CPU
		{E1F1261F-DA95-41BD-80C1-60FBE0D37D22}.Development Editor|Win64.ActiveCfg = Development|Any CPU
		{E1F1261F-DA95-41BD-80C1-60FBE0D37D22}.Development Editor|Win64.Build.0 = Development|Any CPU
		{E1F1261F-DA95-41BD-80C1-60FBE0D37D22}.Development|Win32.ActiveCfg = Development|Any CPU
		{E1F1261F-DA95-41BD-80C1-60FBE0D37D22}.Development|Win32.Build.0 = Development|Any CPU
		{E1F1261F-DA95-41BD-80C1-60FBE0D37D22}.Development|Win64.ActiveCfg = Development|Any CPU
		{E1F1261F-DA95-41BD-80C1-60FBE0D37D22}.Development|Win64.Build.0 = Development|Any CPU
		{E1F1261F-DA95-41BD-80C1-60FBE0D37D22}.Shipping|Win32.ActiveCfg = Development|Any CPU
		{E1F1261F-DA95-41BD-80C1-60FBE0D37D22}.Shipping|Win64.ActiveCfg = Development|Any CPU
		{EC395254-405B-4030-92CE-E346CC50848D}.DebugGame Editor|Win32.ActiveCfg = Development|Any CPU
		{EC395254-405B-4030-92CE-E346CC50848D}.DebugGame Editor|Win64.ActiveCfg = Development|Any CPU
		{EC395254-405B-4030-92CE-E346CC50848D}.DebugGame|Win32.ActiveCfg = Development|Any CPU
		{EC395254-405B-4030-92CE-E346CC50848D}.DebugGame|Win64.ActiveCfg = Development|Any CPU
		{EC395254-405B-4030-92CE-E346CC50848D}.Development Editor|Win32.ActiveCfg = Development|Any CPU
		{EC395254-405B-4030-92CE-E346CC50848D}.Development Editor|Win32.Build.0 = Development|Any CPU
		{EC395254-405B-4030-92CE-E346CC50848D}.Development Editor|Win64.ActiveCfg = Development|Any CPU
		{EC395254-405B-4030-92CE-E346CC50848D}.Development Editor|Win64.Build.0 = Development|Any CPU
		{EC395254-405B-4030-92CE-E346CC50848D}.Development|Win32.ActiveCfg = Development|Any CPU
		{EC395254-405B-4030-92CE-E346CC50848D}.Development|Win32.Build.0 = Development|Any CPU
		{EC395254-405B-4030-92CE-E346CC50848D}.Development|Win64.ActiveCfg = Development|Any CPU
		{EC395254-405B-4030-92CE-E346CC50848D}.Development|Win64.Build.0 = Development|Any CPU
		{EC395254-405B-4030-92CE-E346CC50848D}.Shipping|Win32.ActiveCfg = Development|Any CPU
		{EC395254-405B-4030-92CE-E346CC50848D}.Shipping|Win64.ActiveCfg = Development|Any CPU
		{C2F959B1-1727-4598-9C32-3D9ACCE72750}.DebugGame Editor|Win32.ActiveCfg = Development|Any CPU
		{C2F959B1-1727-4598-9C32-3D9ACCE72750}.DebugGame Editor|Win64.ActiveCfg = Development|Any CPU
		{C2F959B1-1727-4598-9C32-3D9ACCE72750}.DebugGame|Win32.ActiveCfg = Development|Any CPU
		{C2F959B1-1727-4598-9C32-3D9ACCE72750}.DebugGame|Win64.ActiveCfg = Development|Any CPU
		{C2F959B1-1727-4598-9C32-3D9ACCE72750}.Development Editor|Win32.ActiveCfg = Development|Any CPU
		{C2F959B1-1727-4598-9C32-3D9ACCE72750}.Development Editor|Win32.Build.0 = Development|Any CPU
		{C2F959B1-1727-4598-9C32-3D9ACCE72750}.Development Editor|Win64.ActiveCfg = Development|Any CPU
		{C2F959B1-1727-4598-9C32-3D9ACCE72750}.Development Editor|Win64.Build.0 = Development|Any CPU
		{C2F959B1-1727-4598-9C32-3D9ACCE72750}.Development|Win32.ActiveCfg = Development|Any CPU
		{C2F959B1-1727-4598-9C32-3D9ACCE72750}.Development|Win32.Build.0 = Development|Any CPU
		{C2F959B1-1727-4598-9C32-3D9ACCE72750}.Development|Win64.ActiveCfg = Development|Any CPU
		{C2F959B1-1727-4598-9C32-3D9ACCE72750}.Development|Win64.Build.0 = Development|Any CPU
		{C2F959B1-1727-4598-9C32-3D9ACCE72750}.Shipping|Win32.ActiveCfg = Development|Any CPU
		{C2F959B1-1727-4598-9C32-3D9ACCE72750}.Shipping|Win64.ActiveCfg = Development|Any CPU
		{17779110-5CAB-43A0-9DFB-4DF67DF29B42}.DebugGame Editor|Win32.ActiveCfg = Development|Any CPU
		{17779110-5CAB-43A0-9DFB-4DF67DF29B42}.DebugGame Editor|Win64.ActiveCfg = Development|Any CPU
		{17779110-5CAB-43A0-9DFB-4DF67DF29B42}.DebugGame|Win32.ActiveCfg = Development|Any CPU
		{17779110-5CAB-43A0-9DFB-4DF67DF29B42}.DebugGame|Win64.ActiveCfg = Development|Any CPU
		{17779110-5CAB-43A0-9DFB-4DF67DF29B42}.Development Editor|Win32.ActiveCfg = Development|Any CPU
		{17779110-5CAB-43A0-9DFB-4DF67DF29B42}.Development Editor|Win32.Build.0 = Development|Any CPU
		{17779110-5CAB-43A0-9DFB-4DF67DF29B42}.Development Editor|Win64.ActiveCfg = Development|Any CPU
		{17779110-5CAB-43A0-9DFB-4DF67DF29B42}.Development Editor|Win64.Build.0 = Development|Any CPU
		{17779110-5CAB-43A0-9DFB-4DF67DF29B42}.Development|Win32.ActiveCfg = Development|Any CPU
		{17779110-5CAB-43A0-9DFB-4DF67DF29B42}.Development|Win32.Build.0 = Development|Any CPU
		{17779110-5CAB-43A0-9DFB-4DF67DF29B42}.Development|Win64.ActiveCfg = Development|Any CPU
		{17779110-5CAB-43A0-9DFB-4DF67DF29B42}.Development|Win64.Build.0 = Development|Any CPU
		{17779110-5CAB-43A0-9DFB-4DF67DF29B42}.Shipping|Win32.ActiveCfg = Development|Any CPU
		{17779110-5CAB-43A0-9DFB-4DF67DF29B42}.Shipping|Win64.ActiveCfg = Development|Any CPU
		{16778681-DAB8-46A4-89F6-927796467995}.DebugGame Editor|Win32.ActiveCfg = Development|Any CPU
		{16778681-DAB8-46A4-89F6-927796467995}.DebugGame Editor|Win64.ActiveCfg = Development|Any CPU
		{16778681-DAB8-46A4-89F6-927796467995}.DebugGame|Win32.ActiveCfg = Development|Any CPU
		{16778681-DAB8-46A4-89F6-927796467995}.DebugGame|Win64.ActiveCfg = Development|Any CPU
		{16778681-DAB8-46A4-89F6-927796467995}.Development Editor|Win32.ActiveCfg = Development|Any CPU
		{16778681-DAB8-46A4-89F6-927796467995}.Development Editor|Win32.Build.0 = Development|Any CPU
		{16778681-DAB8-46A4-89F6-927796467995}.Development Editor|Win64.ActiveCfg = Development|Any CPU
		{16778681-DAB8-46A4-89F6-927796467995}.Development Editor|Win64.Build.0 = Development|Any CPU
		{16778681-DAB8-46A4-89F6-927796467995}.Development|Win32.ActiveCfg = Development|Any CPU
		{16778681-DAB8-46A4-89F6-927796467995}.Development|Win32.Build.0 = Development|Any CPU
		{16778681-DAB8-46A4-89F6-927796467995}.Development|Win64.ActiveCfg = Development|Any CPU
		{16778681-DAB8-46A4-89F6-927796467995}.Development|Win64.Build.0 = Development|Any CPU
		{16778681-DAB8-46A4-89F6-927796467995}.Shipping|Win32.ActiveCfg = Development|Any CPU
		{16778681-DAB8-46A4-89F6-927796467995}.Shipping|Win64.ActiveCfg = Development|Any CPU
		{39369368-5603-46DA-BAAE-766BB3CB2B51}.DebugGame Editor|Win32.ActiveCfg = Development|Any CPU
		{39369368-5603-46DA-BAAE-766BB3CB2B51}.DebugGame Editor|Win64.ActiveCfg = Development|Any CPU
		{39369368-5603-46DA-BAAE-766BB3CB2B51}.DebugGame|Win32.ActiveCfg = Development|Any CPU
		{39369368-5603-46DA-BAAE-766BB3CB2B51}.DebugGame|Win64.ActiveCfg = Development|Any CPU
		{39369368-5603-46DA-BAAE-766BB3CB2B51}.Development Editor|Win32.ActiveCfg = Development|Any CPU
		{39369368-5603-46DA-BAAE-766BB3CB2B51}.Development Editor|Win32.Build.0 = Development|Any CPU
		{39369368-5603-46DA-BAAE-766BB3CB2B51}.Development Editor|Win64.ActiveCfg = Development|Any CPU
		{39369368-5603-46DA-BAAE-766BB3CB2B51}.Development Editor|Win64.Build.0 = Development|Any CPU
		{39369368-5603-46DA-BAAE-766BB3CB2B51}.Development|Win32.ActiveCfg = Development|Any CPU
		{39369368-5603-46DA-BAAE-766BB3CB2B51}.Development|Win32.Build.0 = Development|Any CPU
		{39369368-5603-46DA-BAAE-766BB3CB2B51}.Development|Win64.ActiveCfg = Development|Any CPU
		{39369368-5603-46DA-BAAE-766BB3CB2B51}.Development|Win64.Build.0 = Development|Any CPU
		{39369368-5603-46DA-BAAE-766BB3CB2B51}.Shipping|Win32.ActiveCfg = Development|Any CPU
		{39369368-5603-46DA-BAAE-766BB3CB2B51}.Shipping|Win64.ActiveCfg = Development|Any CPU
		{8AA00D65-0954-4A27-AC0D-FB8B1106120F}.DebugGame Editor|Win32.ActiveCfg = Development|Any CPU
		{8AA00D65-0954-4A27-AC0D-FB8B1106120F}.DebugGame Editor|Win64.ActiveCfg = Development|Any CPU
		{8AA00D65-0954-4A27-AC0D-FB8B1106120F}.DebugGame|Win32.ActiveCfg = Development|Any CPU
		{8AA00D65-0954-4A27-AC0D-FB8B1106120F}.DebugGame|Win64.ActiveCfg = Development|Any CPU
		{8AA00D65-0954-4A27-AC0D-FB8B1106120F}.Development Editor|Win32.ActiveCfg = Development|Any CPU
		{8AA00D65-0954-4A27-AC0D-FB8B1106120F}.Development Editor|Win32.Build.0 = Development|Any CPU
		{8AA00D65-0954-4A27-AC0D-FB8B1106120F}.Development Editor|Win64.ActiveCfg = Development|Any CPU
		{8AA00D65-0954-4A27-AC0D-FB8B1106120F}.Development Editor|Win64.Build.0 = Development|Any CPU
		{8AA00D65-0954-4A27-AC0D-FB8B1106120F}.Development|Win32.ActiveCfg = Development|Any CPU
		{8AA00D65-0954-4A27-AC0D-FB8B1106120F}.Development|Win32.Build.0 = Development|Any CPU
		{8AA00D65-0954-4A27-AC0D-FB8B1106120F}.Development|Win64.ActiveCfg = Development|Any CPU
		{8AA00D65-0954-4A27-AC0D-FB8B1106120F}.Development|Win64.Build.0 = Development|Any CPU
		{8AA00D65-0954-4A27-AC0D-FB8B1106120F}.Shipping|Win32.ActiveCfg = Development|Any CPU
		{8AA00D65-0954-4A27-AC0D-FB8B1106120F}.Shipping|Win64.ActiveCfg = Development|Any CPU
		{E1F1261F-DA95-41BD-81C1-61FBE1D37D22}.DebugGame Editor|Win32.ActiveCfg = Development|Any CPU
		{E1F1261F-DA95-41BD-81C1-61FBE1D37D22}.DebugGame Editor|Win64.ActiveCfg = Development|Any CPU
		{E1F1261F-DA95-41BD-81C1-61FBE1D37D22}.DebugGame|Win32.ActiveCfg = Development|Any CPU
		{E1F1261F-DA95-41BD-81C1-61FBE1D37D22}.DebugGame|Win64.ActiveCfg = Development|Any CPU
		{E1F1261F-DA95-41BD-81C1-61FBE1D37D22}.Development Editor|Win32.ActiveCfg = Development|Any CPU
		{E1F1261F-DA95-41BD-81C1-61FBE1D37D22}.Development Editor|Win32.Build.0 = Development|Any CPU
		{E1F1261F-DA95-41BD-81C1-61FBE1D37D22}.Development Editor|Win64.ActiveCfg = Development|Any CPU
		{E1F1261F-DA95-41BD-81C1-61FBE1D37D22}.Development Editor|Win64.Build.0 = Development|Any CPU
		{E1F1261F-DA95-41BD-81C1-61FBE1D37D22}.Development|Win32.ActiveCfg = Development|Any CPU
		{E1F1261F-DA95-41BD-81C1-61FBE1D37D22}.Development|Win32.Build.0 = Development|Any CPU
		{E1F1261F-DA95-41BD-81C1-61FBE1D37D22}.Development|Win64.ActiveCfg = Development|Any CPU
		{E1F1261F-DA95-41BD-81C1-61FBE1D37D22}.Development|Win64.Build.0 = Development|Any CPU
		{E1F1261F-DA95-41BD-81C1-61FBE1D37D22}.Shipping|Win32.ActiveCfg = Development|Any CPU
		{E1F1261F-DA95-41BD-81C1-61FBE1D37D22}.Shipping|Win64.ActiveCfg = Development|Any CPU
		{6F6F8E5B-53CA-4C9F-A696-96AA9B8FB128}.DebugGame Editor|Win32.ActiveCfg = Development|Any CPU
		{6F6F8E5B-53CA-4C9F-A696-96AA9B8FB128}.DebugGame Editor|Win64.ActiveCfg = Development|Any CPU
		{6F6F8E5B-53CA-4C9F-A696-96AA9B8FB128}.DebugGame|Win32.ActiveCfg = Development|Any CPU
		{6F6F8E5B-53CA-4C9F-A696-96AA9B8FB128}.DebugGame|Win64.ActiveCfg = Development|Any CPU
		{6F6F8E5B-53CA-4C9F-A696-96AA9B8FB128}.Development Editor|Win32.ActiveCfg = Development|Any CPU
		{6F6F8E5B-53CA-4C9F-A696-96AA9B8FB128}.Development Editor|Win32.Build.0 = Development|Any CPU
		{6F6F8E5B-53CA-4C9F-A696-96AA9B8FB128}.Development Editor|Win64.ActiveCfg = Development|Any CPU
		{6F6F8E5B-53CA-4C9F-A696-96AA9B8FB128}.Development Editor|Win64.Build.0 = Development|Any CPU
		{6F6F8E5B-53CA-4C9F-A696-96AA9B8FB128}.Development|Win32.ActiveCfg = Development|Any CPU
		{6F6F8E5B-53CA-4C9F-A696-96AA9B8FB128}.Development|Win32.Build.0 = Development|Any CPU
		{6F6F8E5B-53CA-4C9F-A696-96AA9B8FB128}.Development|Win64.ActiveCfg = Development|Any CPU
		{6F6F8E5B-53CA-4C9F-A696-96AA9B8FB128}.Development|Win64.Build.0 = Development|Any CPU
		{6F6F8E5B-53CA-4C9F-A696-96AA9B8FB128}.Shipping|Win32.ActiveCfg = Development|Any CPU
		{6F6F8E5B-53CA-4C9F-A696-96AA9B8FB128}.Shipping|Win64.ActiveCfg = Development|Any CPU
		{7E2D6784-C9B7-40C6-A89B-0A8AFDDCE60D}.DebugGame Editor|Win32.ActiveCfg = Development|Any CPU
		{7E2D6784-C9B7-40C6-A89B-0A8AFDDCE60D}.DebugGame Editor|Win64.ActiveCfg = Development|Any CPU
		{7E2D6784-C9B7-40C6-A89B-0A8AFDDCE60D}.DebugGame|Win32.ActiveCfg = Development|Any CPU
		{7E2D6784-C9B7-40C6-A89B-0A8AFDDCE60D}.DebugGame|Win64.ActiveCfg = Development|Any CPU
		{7E2D6784-C9B7-40C6-A89B-0A8AFDDCE60D}.Development Editor|Win32.ActiveCfg = Development|Any CPU
		{7E2D6784-C9B7-40C6-A89B-0A8AFDDCE60D}.Development Editor|Win32.Build.0 = Development|Any CPU
		{7E2D6784-C9B7-40C6-A89B-0A8AFDDCE60D}.Development Editor|Win64.ActiveCfg = Development|Any CPU
		{7E2D6784-C9B7-40C6-A89B-0A8AFDDCE60D}.Development Editor|Win64.Build.0 = Development|Any CPU
		{7E2D6784-C9B7-40C6-A89B-0A8AFDDCE60D}.Development|Win32.ActiveCfg = Development|Any CPU
		{7E2D6784-C9B7-40C6-A89B-0A8AFDDCE60D}.Development|Win32.Build.0 = Development|Any CPU
		{7E2D6784-C9B7-40C6-A89B-0A8AFDDCE60D}.Development|Win64.ActiveCfg = Development|Any CPU
		{7E2D6784-C9B7-40C6-A89B-0A8AFDDCE60D}.Development|Win64.Build.0 = Development|Any CPU
		{7E2D6784-C9B7-40C6-A89B-0A8AFDDCE60D}.Shipping|Win32.ActiveCfg = Development|Any CPU
		{7E2D6784-C9B7-40C6-A89B-0A8AFDDCE60D}.Shipping|Win64.ActiveCfg = Development|Any CPU
		{1D67A316-7EEC-4C07-83E3-BBD9C67AD129}.DebugGame Editor|Win32.ActiveCfg = Development|Any CPU
		{1D67A316-7EEC-4C07-83E3-BBD9C67AD129}.DebugGame Editor|Win64.ActiveCfg = Development|Any CPU
		{1D67A316-7EEC-4C07-83E3-BBD9C67AD129}.DebugGame|Win32.ActiveCfg = Development|Any CPU
		{1D67A316-7EEC-4C07-83E3-BBD9C67AD129}.DebugGame|Win64.ActiveCfg = Development|Any CPU
		{1D67A316-7EEC-4C07-83E3-BBD9C67AD129}.Development Editor|Win32.ActiveCfg = Development|Any CPU
		{1D67A316-7EEC-4C07-83E3-BBD9C67AD129}.Development Editor|Win32.Build.0 = Development|Any CPU
		{1D67A316-7EEC-4C07-83E3-BBD9C67AD129}.Development Editor|Win64.ActiveCfg = Development|Any CPU
		{1D67A316-7EEC-4C07-83E3-BBD9C67AD129}.Development Editor|Win64.Build.0 = Development|Any CPU
		{1D67A316-7EEC-4C07-83E3-BBD9C67AD129}.Development|Win32.ActiveCfg = Development|Any CPU
		{1D67A316-7EEC-4C07-83E3-BBD9C67AD129}.Development|Win32.Build.0 = Development|Any CPU
		{1D67A316-7EEC-4C07-83E3-BBD9C67AD129}.Development|Win64.ActiveCfg = Development|Any CPU
		{1D67A316-7EEC-4C07-83E3-BBD9C67AD129}.Development|Win64.Build.0 = Development|Any CPU
		{1D67A316-7EEC-4C07-83E3-BBD9C67AD129}.Shipping|Win32.ActiveCfg = Development|Any CPU
		{1D67A316-7EEC-4C07-83E3-BBD9C67AD129}.Shipping|Win64.ActiveCfg = Development|Any CPU
		{5D7D66E8-8C76-4AF9-B3EC-2EF03421D730}.DebugGame Editor|Win32.ActiveCfg = Development|Any CPU
		{5D7D66E8-8C76-4AF9-B3EC-2EF03421D730}.DebugGame Editor|Win64.ActiveCfg = Development|Any CPU
		{5D7D66E8-8C76-4AF9-B3EC-2EF03421D730}.DebugGame|Win32.ActiveCfg = Development|Any CPU
		{5D7D66E8-8C76-4AF9-B3EC-2EF03421D730}.DebugGame|Win64.ActiveCfg = Development|Any CPU
		{5D7D66E8-8C76-4AF9-B3EC-2EF03421D730}.Development Editor|Win32.ActiveCfg = Development|Any CPU
		{5D7D66E8-8C76-4AF9-B3EC-2EF03421D730}.Development Editor|Win32.Build.0 = Development|Any CPU
		{5D7D66E8-8C76-4AF9-B3EC-2EF03421D730}.Development Editor|Win64.ActiveCfg = Development|Any CPU
		{5D7D66E8-8C76-4AF9-B3EC-2EF03421D730}.Development Editor|Win64.Build.0 = Development|Any CPU
		{5D7D66E8-8C76-4AF9-B3EC-2EF03421D730}.Development|Win32.ActiveCfg = Development|Any CPU
		{5D7D66E8-8C76-4AF9-B3EC-2EF03421D730}.Development|Win32.Build.0 = Development|Any CPU
		{5D7D66E8-8C76-4AF9-B3EC-2EF03421D730}.Development|Win64.ActiveCfg = Development|Any CPU
		{5D7D66E8-8C76-4AF9-B3EC-2EF03421D730}.Development|Win64.Build.0 = Development|Any CPU
		{5D7D66E8-8C76-4AF9-B3EC-2EF03421D730}.Shipping|Win32.ActiveCfg = Development|Any CPU
		{5D7D66E8-8C76-4AF9-B3EC-2EF03421D730}.Shipping|Win64.ActiveCfg = Development|Any CPU
	EndGlobalSection
	GlobalSection(SolutionProperties) = preSolution
		HideSolutionNode = FALSE
	EndGlobalSection
	GlobalSection(NestedProjects) = preSolution
		{FA03FD55-0CA5-4AEA-8EE6-EC6D24ECF1F9} = {AD94A68B-4B0E-484A-870D-D259A978B9FB}
		{9E1BC1B4-6C9B-415F-B456-71D5881A5213} = {181FA27A-BDA7-4A05-BDBA-F6533FBA8D77}
		{ED6162ED-7761-4700-ABD8-71146FAA3F18} = {EE6809DE-563E-4AD9-A932-18628694EF3E}
		{FD7C5E1A-CFE4-4FD5-A525-1EB1599A39AC} = {EE6809DE-563E-4AD9-A932-18628694EF3E}
		{A35B0261-D868-475E-A098-EB14CE6DC89F} = {EE6809DE-563E-4AD9-A932-18628694EF3E}
		{1D67A316-7EEC-4C07-83E3-BBD9C67AD129} = {EE6809DE-563E-4AD9-A932-18628694EF3E}
		{5D7D66E8-8C76-4AF9-B3EC-2EF03421D730} = {EE6809DE-563E-4AD9-A932-18628694EF3E}
		{AE5C5137-A688-4495-8DEA-C7B9959E49B0} = {EE6809DE-563E-4AD9-A932-18628694EF3E}
		{A9CD1A06-764A-4C53-86CE-2F34B94F0283} = {AE5C5137-A688-4495-8DEA-C7B9959E49B0}
		{32E3A47E-359A-4F78-AE6C-703B87DE0B97} = {AE5C5137-A688-4495-8DEA-C7B9959E49B0}
		{2C96A7F2-B1A3-4258-8E0A-E588FF41A53E} = {AE5C5137-A688-4495-8DEA-C7B9959E49B0}
		{A002361E-37F9-4124-AF82-CF0D393CB928} = {AE5C5137-A688-4495-8DEA-C7B9959E49B0}
		{90FF4220-1CAE-4CCA-BBF6-7AAAED069F03} = {AE5C5137-A688-4495-8DEA-C7B9959E49B0}
		{E1F1261F-DA95-41BD-80C1-60FBE0D37D22} = {AE5C5137-A688-4495-8DEA-C7B9959E49B0}
		{EC395254-405B-4030-92CE-E346CC50848D} = {AE5C5137-A688-4495-8DEA-C7B9959E49B0}
		{C2F959B1-1727-4598-9C32-3D9ACCE72750} = {AE5C5137-A688-4495-8DEA-C7B9959E49B0}
		{17779110-5CAB-43A0-9DFB-4DF67DF29B42} = {AE5C5137-A688-4495-8DEA-C7B9959E49B0}
		{16778681-DAB8-46A4-89F6-927796467995} = {AE5C5137-A688-4495-8DEA-C7B9959E49B0}
		{39369368-5603-46DA-BAAE-766BB3CB2B51} = {AE5C5137-A688-4495-8DEA-C7B9959E49B0}
		{8AA00D65-0954-4A27-AC0D-FB8B1106120F} = {AE5C5137-A688-4495-8DEA-C7B9959E49B0}
		{E1F1261F-DA95-41BD-81C1-61FBE1D37D22} = {AE5C5137-A688-4495-8DEA-C7B9959E49B0}
		{6F6F8E5B-53CA-4C9F-A696-96AA9B8FB128} = {AE5C5137-A688-4495-8DEA-C7B9959E49B0}
		{7E2D6784-C9B7-40C6-A89B-0A8AFDDCE60D} = {AE5C5137-A688-4495-8DEA-C7B9959E49B0}
	EndGlobalSection
EndGlobal
